{
  "requires": true,
  "lockfileVersion": 1,
  "dependencies": {
    "lunarphase-js": {
      "version": "1.0.10",
      "resolved": "https://registry.npmjs.org/lunarphase-js/-/lunarphase-js-1.0.10.tgz",
      "integrity": "sha512-+A+G3WzB2y+xcCfhVRLxbdOnTe/Ujmbx/ptS0cjUnb9zRAEfRpu6U3D1o+IaStpRu91++kFoVqOYKhyT1m3ywg=="
    }
  }
}
